
Microsoft Visual Studio Solution File, Format Version 12.00
# Visual Studio Version 17
VisualStudioVersion = 17.2.32616.157
MinimumVisualStudioVersion = 10.0.40219.1
Project("{FAE04EC0-301F-11D3-BF4B-00C04F79EFBC}") = "BellyPlus", "BellyPlus.csproj", "{CE6A4925-AF5A-4A1E-9E70-F9E689ADC60A}"
EndProject
Global
	GlobalSection(SolutionConfigurationPlatforms) = preSolution
		Debug|Any CPU = Debug|Any CPU
		Release|Any CPU = Release|Any CPU
	EndGlobalSection
	GlobalSection(ProjectConfigurationPlatforms) = postSolution
		{CE6A4925-AF5A-4A1E-9E70-F9E689ADC60A}.Debug|Any CPU.ActiveCfg = Debug|Any CPU
		{CE6A4925-AF5A-4A1E-9E70-F9E689ADC60A}.Debug|Any CPU.Build.0 = Debug|Any CPU
		{CE6A4925-AF5A-4A1E-9E70-F9E689ADC60A}.Release|Any CPU.ActiveCfg = Release|Any CPU
		{CE6A4925-AF5A-4A1E-9E70-F9E689ADC60A}.Release|Any CPU.Build.0 = Release|Any CPU
	EndGlobalSection
	GlobalSection(SolutionProperties) = preSolution
		HideSolutionNode = FALSE
	EndGlobalSection
	GlobalSection(ExtensibilityGlobals) = postSolution
		SolutionGuid = {A71B0896-F43A-4550-9550-66EAE5D22330}
	EndGlobalSection
EndGlobal
